
Microsoft Visual Studio Solution File, Format Version 12.00
# Visual Studio Version 17
VisualStudioVersion = 17.3.32825.248
MinimumVisualStudioVersion = 10.0.40219.1
Project("{FAE04EC0-301F-11D3-BF4B-00C04F79EFBC}") = "Polymorfism_9_Okt", "Polymorfism_9_Okt\Polymorfism_9_Okt.csproj", "{A971B3F0-3F32-480D-9CEE-31DB40C43EC2}"
EndProject
Global
	GlobalSection(SolutionConfigurationPlatforms) = preSolution
		Debug|Any CPU = Debug|Any CPU
		Release|Any CPU = Release|Any CPU
	EndGlobalSection
	GlobalSection(ProjectConfigurationPlatforms) = postSolution
		{A971B3F0-3F32-480D-9CEE-31DB40C43EC2}.Debug|Any CPU.ActiveCfg = Debug|Any CPU
		{A971B3F0-3F32-480D-9CEE-31DB40C43EC2}.Debug|Any CPU.Build.0 = Debug|Any CPU
		{A971B3F0-3F32-480D-9CEE-31DB40C43EC2}.Release|Any CPU.ActiveCfg = Release|Any CPU
		{A971B3F0-3F32-480D-9CEE-31DB40C43EC2}.Release|Any CPU.Build.0 = Release|Any CPU
	EndGlobalSection
	GlobalSection(SolutionProperties) = preSolution
		HideSolutionNode = FALSE
	EndGlobalSection
	GlobalSection(ExtensibilityGlobals) = postSolution
		SolutionGuid = {F8CB9302-D666-43D0-9C8F-3CD8B2AF6F08}
	EndGlobalSection
EndGlobal
